{
  "name": "dot-contentlayer",
  "version": "0.0.0-Q3JMMW5G",
  "lockfileVersion": 3,
  "requires": true,
  "packages": {
    "": {
      "name": "dot-contentlayer",
      "version": "0.0.0-Q3JMMW5G",
      "dependencies": {
        "dot-contentlayer": "file:"
      }
    },
    "node_modules/dot-contentlayer": {
      "resolved": "",
      "link": true
    }
  }
}
