{
  "name": "@thinkthroo/typescript-config",
  "version": "0.0.0",
  "lockfileVersion": 3,
  "requires": true,
  "packages": {
    "": {
      "name": "@thinkthroo/typescript-config",
      "version": "0.0.0",
      "license": "MIT",
      "dependencies": {
        "@thinkthroo/typescript-config": "file:"
      }
    },
    "node_modules/@thinkthroo/typescript-config": {
      "resolved": "",
      "link": true
    }
  }
}
